
Microsoft Visual Studio Solution File, Format Version 12.00
# Visual Studio Version 17
VisualStudioVersion = 17.2.32630.192
MinimumVisualStudioVersion = 10.0.40219.1
Project("{9A19103F-16F7-4668-BE54-9A1E7A4F7556}") = "Draco.Compiler", "Draco.Compiler\Draco.Compiler.csproj", "{10775033-4501-45B9-A284-61F1BBC92765}"
EndProject
Project("{9A19103F-16F7-4668-BE54-9A1E7A4F7556}") = "Draco.Compiler.Tests", "Draco.Compiler.Tests\Draco.Compiler.Tests.csproj", "{3732FD91-27D9-478F-B5B3-38D3C10B40C8}"
EndProject
Project("{9A19103F-16F7-4668-BE54-9A1E7A4F7556}") = "Draco.Compiler.Cli", "Draco.Compiler.Cli\Draco.Compiler.Cli.csproj", "{9E8937E0-9A0D-4E8F-90F6-AB1FE1D7E464}"
EndProject
Project("{9A19103F-16F7-4668-BE54-9A1E7A4F7556}") = "Draco.Editor.Web", "Draco.Editor.Web\Draco.Editor.Web.csproj", "{3AE74A5A-8201-4DF7-867B-AE929B8387B4}"
EndProject
Project("{2150E333-8FDC-42A3-9474-1A3956D46DE8}") = "Solution Items", "Solution Items", "{AED258F7-746C-452E-B073-153F9457660B}"
	ProjectSection(SolutionItems) = preProject
		..\.editorconfig = ..\.editorconfig
		Directory.Build.props = Directory.Build.props
	EndProjectSection
EndProject
Project("{9A19103F-16F7-4668-BE54-9A1E7A4F7556}") = "Draco.LanguageServer", "Draco.LanguageServer\Draco.LanguageServer.csproj", "{715FB0AC-561D-4958-8D79-0ACD516BA89B}"
EndProject
Project("{13B669BE-BB05-4DDF-9536-439F39A36129}") = "Draco.Sdk", "Draco.Sdk\Draco.Sdk.msbuildproj", "{48C755B9-6BC9-47E7-BDF1-393E07B1A001}"
EndProject
Project("{9A19103F-16F7-4668-BE54-9A1E7A4F7556}") = "Draco.Compiler.Tasks", "Draco.Compiler.Tasks\Draco.Compiler.Tasks.csproj", "{30B6DB14-2A2B-4356-868D-6EB7161D686B}"
EndProject
Project("{9A19103F-16F7-4668-BE54-9A1E7A4F7556}") = "Draco.Compiler.Toolset", "Draco.Compiler.Toolset\Draco.Compiler.Toolset.csproj", "{82765FD8-0985-475F-BDE6-3A27254FF457}"
EndProject
Project("{13B669BE-BB05-4DDF-9536-439F39A36129}") = "Draco.ProjectTemplates", "Draco.ProjectTemplates\Draco.ProjectTemplates.msbuildproj", "{61ED6EF8-D66C-42F4-AD8C-0AFFDA54D2C3}"
EndProject
Project("{9A19103F-16F7-4668-BE54-9A1E7A4F7556}") = "Draco.SourceGeneration", "Draco.SourceGeneration\Draco.SourceGeneration.csproj", "{AB22FC13-2A92-4E5F-8C37-F2EE7D30B33A}"
EndProject
Project("{9A19103F-16F7-4668-BE54-9A1E7A4F7556}") = "Draco.Lsp", "Draco.Lsp\Draco.Lsp.csproj", "{D8F2B284-5687-4E06-90C2-793C313E0FCE}"
EndProject
Project("{9A19103F-16F7-4668-BE54-9A1E7A4F7556}") = "Draco.Compiler.Fuzzer", "Draco.Compiler.Fuzzer\Draco.Compiler.Fuzzer.csproj", "{4B1D20EB-F2DF-4724-87E6-9839C67049FC}"
EndProject
Project("{9A19103F-16F7-4668-BE54-9A1E7A4F7556}") = "Draco.Debugger", "Draco.Debugger\Draco.Debugger.csproj", "{AD342BE6-BCE4-4F5E-933A-DC6F4E2BFD50}"
EndProject
Project("{9A19103F-16F7-4668-BE54-9A1E7A4F7556}") = "Draco.Debugger.Tui", "Draco.Debugger.Tui\Draco.Debugger.Tui.csproj", "{887C5E8B-45AE-43BE-889F-5401D0CC76CC}"
EndProject
Project("{9A19103F-16F7-4668-BE54-9A1E7A4F7556}") = "Draco.Dap", "Draco.Dap\Draco.Dap.csproj", "{6C534E39-75A9-4E45-8C83-7ECE77D855AD}"
EndProject
Project("{9A19103F-16F7-4668-BE54-9A1E7A4F7556}") = "Draco.DebugAdapter", "Draco.DebugAdapter\Draco.DebugAdapter.csproj", "{9CEC6FB5-720F-42D7-BB74-A3E11A750522}"
EndProject
Project("{9A19103F-16F7-4668-BE54-9A1E7A4F7556}") = "Draco.Compiler.Benchmarks", "Draco.Compiler.Benchmarks\Draco.Compiler.Benchmarks.csproj", "{067C2F6D-8C70-4BA6-83BE-F7B351D09188}"
EndProject
Project("{9A19103F-16F7-4668-BE54-9A1E7A4F7556}") = "Draco.JsonRpc", "Draco.JsonRpc\Draco.JsonRpc.csproj", "{5C56C907-C614-49EE-B433-D88CB9CE8983}"
EndProject
Global
	GlobalSection(SolutionConfigurationPlatforms) = preSolution
		Debug|Any CPU = Debug|Any CPU
		Nuget|Any CPU = Nuget|Any CPU
		Release|Any CPU = Release|Any CPU
	EndGlobalSection
	GlobalSection(ProjectConfigurationPlatforms) = postSolution
		{10775033-4501-45B9-A284-61F1BBC92765}.Debug|Any CPU.ActiveCfg = Debug|Any CPU
		{10775033-4501-45B9-A284-61F1BBC92765}.Debug|Any CPU.Build.0 = Debug|Any CPU
		{10775033-4501-45B9-A284-61F1BBC92765}.Nuget|Any CPU.ActiveCfg = Release|Any CPU
		{10775033-4501-45B9-A284-61F1BBC92765}.Nuget|Any CPU.Build.0 = Release|Any CPU
		{10775033-4501-45B9-A284-61F1BBC92765}.Release|Any CPU.ActiveCfg = Release|Any CPU
		{10775033-4501-45B9-A284-61F1BBC92765}.Release|Any CPU.Build.0 = Release|Any CPU
		{3732FD91-27D9-478F-B5B3-38D3C10B40C8}.Debug|Any CPU.ActiveCfg = Debug|Any CPU
		{3732FD91-27D9-478F-B5B3-38D3C10B40C8}.Debug|Any CPU.Build.0 = Debug|Any CPU
		{3732FD91-27D9-478F-B5B3-38D3C10B40C8}.Nuget|Any CPU.ActiveCfg = Release|Any CPU
		{3732FD91-27D9-478F-B5B3-38D3C10B40C8}.Nuget|Any CPU.Build.0 = Release|Any CPU
		{3732FD91-27D9-478F-B5B3-38D3C10B40C8}.Release|Any CPU.ActiveCfg = Release|Any CPU
		{3732FD91-27D9-478F-B5B3-38D3C10B40C8}.Release|Any CPU.Build.0 = Release|Any CPU
		{9E8937E0-9A0D-4E8F-90F6-AB1FE1D7E464}.Debug|Any CPU.ActiveCfg = Debug|Any CPU
		{9E8937E0-9A0D-4E8F-90F6-AB1FE1D7E464}.Debug|Any CPU.Build.0 = Debug|Any CPU
		{9E8937E0-9A0D-4E8F-90F6-AB1FE1D7E464}.Nuget|Any CPU.ActiveCfg = Release|Any CPU
		{9E8937E0-9A0D-4E8F-90F6-AB1FE1D7E464}.Nuget|Any CPU.Build.0 = Release|Any CPU
		{9E8937E0-9A0D-4E8F-90F6-AB1FE1D7E464}.Release|Any CPU.ActiveCfg = Release|Any CPU
		{9E8937E0-9A0D-4E8F-90F6-AB1FE1D7E464}.Release|Any CPU.Build.0 = Release|Any CPU
		{3AE74A5A-8201-4DF7-867B-AE929B8387B4}.Debug|Any CPU.ActiveCfg = Debug|Any CPU
		{3AE74A5A-8201-4DF7-867B-AE929B8387B4}.Debug|Any CPU.Build.0 = Debug|Any CPU
		{3AE74A5A-8201-4DF7-867B-AE929B8387B4}.Nuget|Any CPU.ActiveCfg = Release|Any CPU
		{3AE74A5A-8201-4DF7-867B-AE929B8387B4}.Nuget|Any CPU.Build.0 = Release|Any CPU
		{3AE74A5A-8201-4DF7-867B-AE929B8387B4}.Release|Any CPU.ActiveCfg = Release|Any CPU
		{3AE74A5A-8201-4DF7-867B-AE929B8387B4}.Release|Any CPU.Build.0 = Release|Any CPU
		{715FB0AC-561D-4958-8D79-0ACD516BA89B}.Debug|Any CPU.ActiveCfg = Debug|Any CPU
		{715FB0AC-561D-4958-8D79-0ACD516BA89B}.Debug|Any CPU.Build.0 = Debug|Any CPU
		{715FB0AC-561D-4958-8D79-0ACD516BA89B}.Nuget|Any CPU.ActiveCfg = Debug|Any CPU
		{715FB0AC-561D-4958-8D79-0ACD516BA89B}.Nuget|Any CPU.Build.0 = Debug|Any CPU
		{715FB0AC-561D-4958-8D79-0ACD516BA89B}.Release|Any CPU.ActiveCfg = Release|Any CPU
		{715FB0AC-561D-4958-8D79-0ACD516BA89B}.Release|Any CPU.Build.0 = Release|Any CPU
		{48C755B9-6BC9-47E7-BDF1-393E07B1A001}.Debug|Any CPU.ActiveCfg = Debug|Any CPU
		{48C755B9-6BC9-47E7-BDF1-393E07B1A001}.Debug|Any CPU.Build.0 = Debug|Any CPU
		{48C755B9-6BC9-47E7-BDF1-393E07B1A001}.Nuget|Any CPU.ActiveCfg = Release|Any CPU
		{48C755B9-6BC9-47E7-BDF1-393E07B1A001}.Nuget|Any CPU.Build.0 = Release|Any CPU
		{48C755B9-6BC9-47E7-BDF1-393E07B1A001}.Release|Any CPU.ActiveCfg = Release|Any CPU
		{48C755B9-6BC9-47E7-BDF1-393E07B1A001}.Release|Any CPU.Build.0 = Release|Any CPU
		{30B6DB14-2A2B-4356-868D-6EB7161D686B}.Debug|Any CPU.ActiveCfg = Debug|Any CPU
		{30B6DB14-2A2B-4356-868D-6EB7161D686B}.Debug|Any CPU.Build.0 = Debug|Any CPU
		{30B6DB14-2A2B-4356-868D-6EB7161D686B}.Nuget|Any CPU.ActiveCfg = Debug|Any CPU
		{30B6DB14-2A2B-4356-868D-6EB7161D686B}.Nuget|Any CPU.Build.0 = Debug|Any CPU
		{30B6DB14-2A2B-4356-868D-6EB7161D686B}.Release|Any CPU.ActiveCfg = Release|Any CPU
		{30B6DB14-2A2B-4356-868D-6EB7161D686B}.Release|Any CPU.Build.0 = Release|Any CPU
		{82765FD8-0985-475F-BDE6-3A27254FF457}.Debug|Any CPU.ActiveCfg = Debug|Any CPU
		{82765FD8-0985-475F-BDE6-3A27254FF457}.Debug|Any CPU.Build.0 = Debug|Any CPU
		{82765FD8-0985-475F-BDE6-3A27254FF457}.Nuget|Any CPU.ActiveCfg = Debug|Any CPU
		{82765FD8-0985-475F-BDE6-3A27254FF457}.Nuget|Any CPU.Build.0 = Debug|Any CPU
		{82765FD8-0985-475F-BDE6-3A27254FF457}.Release|Any CPU.ActiveCfg = Release|Any CPU
		{82765FD8-0985-475F-BDE6-3A27254FF457}.Release|Any CPU.Build.0 = Release|Any CPU
		{61ED6EF8-D66C-42F4-AD8C-0AFFDA54D2C3}.Debug|Any CPU.ActiveCfg = Debug|Any CPU
		{61ED6EF8-D66C-42F4-AD8C-0AFFDA54D2C3}.Debug|Any CPU.Build.0 = Debug|Any CPU
		{61ED6EF8-D66C-42F4-AD8C-0AFFDA54D2C3}.Nuget|Any CPU.ActiveCfg = Debug|Any CPU
		{61ED6EF8-D66C-42F4-AD8C-0AFFDA54D2C3}.Nuget|Any CPU.Build.0 = Debug|Any CPU
		{61ED6EF8-D66C-42F4-AD8C-0AFFDA54D2C3}.Release|Any CPU.ActiveCfg = Release|Any CPU
		{61ED6EF8-D66C-42F4-AD8C-0AFFDA54D2C3}.Release|Any CPU.Build.0 = Release|Any CPU
		{AB22FC13-2A92-4E5F-8C37-F2EE7D30B33A}.Debug|Any CPU.ActiveCfg = Debug|Any CPU
		{AB22FC13-2A92-4E5F-8C37-F2EE7D30B33A}.Debug|Any CPU.Build.0 = Debug|Any CPU
		{AB22FC13-2A92-4E5F-8C37-F2EE7D30B33A}.Nuget|Any CPU.ActiveCfg = Debug|Any CPU
		{AB22FC13-2A92-4E5F-8C37-F2EE7D30B33A}.Nuget|Any CPU.Build.0 = Debug|Any CPU
		{AB22FC13-2A92-4E5F-8C37-F2EE7D30B33A}.Release|Any CPU.ActiveCfg = Release|Any CPU
		{AB22FC13-2A92-4E5F-8C37-F2EE7D30B33A}.Release|Any CPU.Build.0 = Release|Any CPU
		{D8F2B284-5687-4E06-90C2-793C313E0FCE}.Debug|Any CPU.ActiveCfg = Debug|Any CPU
		{D8F2B284-5687-4E06-90C2-793C313E0FCE}.Debug|Any CPU.Build.0 = Debug|Any CPU
		{D8F2B284-5687-4E06-90C2-793C313E0FCE}.Nuget|Any CPU.ActiveCfg = Debug|Any CPU
		{D8F2B284-5687-4E06-90C2-793C313E0FCE}.Nuget|Any CPU.Build.0 = Debug|Any CPU
		{D8F2B284-5687-4E06-90C2-793C313E0FCE}.Release|Any CPU.ActiveCfg = Release|Any CPU
		{D8F2B284-5687-4E06-90C2-793C313E0FCE}.Release|Any CPU.Build.0 = Release|Any CPU
		{4B1D20EB-F2DF-4724-87E6-9839C67049FC}.Debug|Any CPU.ActiveCfg = Debug|Any CPU
		{4B1D20EB-F2DF-4724-87E6-9839C67049FC}.Debug|Any CPU.Build.0 = Debug|Any CPU
		{4B1D20EB-F2DF-4724-87E6-9839C67049FC}.Nuget|Any CPU.ActiveCfg = Debug|Any CPU
		{4B1D20EB-F2DF-4724-87E6-9839C67049FC}.Nuget|Any CPU.Build.0 = Debug|Any CPU
		{4B1D20EB-F2DF-4724-87E6-9839C67049FC}.Release|Any CPU.ActiveCfg = Release|Any CPU
		{4B1D20EB-F2DF-4724-87E6-9839C67049FC}.Release|Any CPU.Build.0 = Release|Any CPU
		{AD342BE6-BCE4-4F5E-933A-DC6F4E2BFD50}.Debug|Any CPU.ActiveCfg = Debug|Any CPU
		{AD342BE6-BCE4-4F5E-933A-DC6F4E2BFD50}.Debug|Any CPU.Build.0 = Debug|Any CPU
		{AD342BE6-BCE4-4F5E-933A-DC6F4E2BFD50}.Nuget|Any CPU.ActiveCfg = Debug|Any CPU
		{AD342BE6-BCE4-4F5E-933A-DC6F4E2BFD50}.Nuget|Any CPU.Build.0 = Debug|Any CPU
		{AD342BE6-BCE4-4F5E-933A-DC6F4E2BFD50}.Release|Any CPU.ActiveCfg = Release|Any CPU
		{AD342BE6-BCE4-4F5E-933A-DC6F4E2BFD50}.Release|Any CPU.Build.0 = Release|Any CPU
		{887C5E8B-45AE-43BE-889F-5401D0CC76CC}.Debug|Any CPU.ActiveCfg = Debug|Any CPU
		{887C5E8B-45AE-43BE-889F-5401D0CC76CC}.Debug|Any CPU.Build.0 = Debug|Any CPU
		{887C5E8B-45AE-43BE-889F-5401D0CC76CC}.Nuget|Any CPU.ActiveCfg = Debug|Any CPU
		{887C5E8B-45AE-43BE-889F-5401D0CC76CC}.Nuget|Any CPU.Build.0 = Debug|Any CPU
		{887C5E8B-45AE-43BE-889F-5401D0CC76CC}.Release|Any CPU.ActiveCfg = Release|Any CPU
		{887C5E8B-45AE-43BE-889F-5401D0CC76CC}.Release|Any CPU.Build.0 = Release|Any CPU
		{6C534E39-75A9-4E45-8C83-7ECE77D855AD}.Debug|Any CPU.ActiveCfg = Debug|Any CPU
		{6C534E39-75A9-4E45-8C83-7ECE77D855AD}.Debug|Any CPU.Build.0 = Debug|Any CPU
		{6C534E39-75A9-4E45-8C83-7ECE77D855AD}.Nuget|Any CPU.ActiveCfg = Debug|Any CPU
		{6C534E39-75A9-4E45-8C83-7ECE77D855AD}.Nuget|Any CPU.Build.0 = Debug|Any CPU
		{6C534E39-75A9-4E45-8C83-7ECE77D855AD}.Release|Any CPU.ActiveCfg = Release|Any CPU
		{6C534E39-75A9-4E45-8C83-7ECE77D855AD}.Release|Any CPU.Build.0 = Release|Any CPU
		{9CEC6FB5-720F-42D7-BB74-A3E11A750522}.Debug|Any CPU.ActiveCfg = Debug|Any CPU
		{9CEC6FB5-720F-42D7-BB74-A3E11A750522}.Debug|Any CPU.Build.0 = Debug|Any CPU
		{9CEC6FB5-720F-42D7-BB74-A3E11A750522}.Nuget|Any CPU.ActiveCfg = Debug|Any CPU
		{9CEC6FB5-720F-42D7-BB74-A3E11A750522}.Nuget|Any CPU.Build.0 = Debug|Any CPU
		{9CEC6FB5-720F-42D7-BB74-A3E11A750522}.Release|Any CPU.ActiveCfg = Release|Any CPU
		{9CEC6FB5-720F-42D7-BB74-A3E11A750522}.Release|Any CPU.Build.0 = Release|Any CPU
		{067C2F6D-8C70-4BA6-83BE-F7B351D09188}.Debug|Any CPU.ActiveCfg = Debug|Any CPU
		{067C2F6D-8C70-4BA6-83BE-F7B351D09188}.Debug|Any CPU.Build.0 = Debug|Any CPU
		{067C2F6D-8C70-4BA6-83BE-F7B351D09188}.Nuget|Any CPU.ActiveCfg = Debug|Any CPU
		{067C2F6D-8C70-4BA6-83BE-F7B351D09188}.Nuget|Any CPU.Build.0 = Debug|Any CPU
		{067C2F6D-8C70-4BA6-83BE-F7B351D09188}.Release|Any CPU.ActiveCfg = Release|Any CPU
		{067C2F6D-8C70-4BA6-83BE-F7B351D09188}.Release|Any CPU.Build.0 = Release|Any CPU
		{5C56C907-C614-49EE-B433-D88CB9CE8983}.Debug|Any CPU.ActiveCfg = Debug|Any CPU
		{5C56C907-C614-49EE-B433-D88CB9CE8983}.Debug|Any CPU.Build.0 = Debug|Any CPU
		{5C56C907-C614-49EE-B433-D88CB9CE8983}.Nuget|Any CPU.ActiveCfg = Debug|Any CPU
		{5C56C907-C614-49EE-B433-D88CB9CE8983}.Nuget|Any CPU.Build.0 = Debug|Any CPU
		{5C56C907-C614-49EE-B433-D88CB9CE8983}.Release|Any CPU.ActiveCfg = Release|Any CPU
		{5C56C907-C614-49EE-B433-D88CB9CE8983}.Release|Any CPU.Build.0 = Release|Any CPU
	EndGlobalSection
	GlobalSection(SolutionProperties) = preSolution
		HideSolutionNode = FALSE
	EndGlobalSection
	GlobalSection(ExtensibilityGlobals) = postSolution
		SolutionGuid = {A7BBE69B-F61B-4B53-9F8D-5A698E917012}
	EndGlobalSection
EndGlobal
