
Microsoft Visual Studio Solution File, Format Version 12.00
# Visual Studio Version 17
VisualStudioVersion = 17.2.32630.192
MinimumVisualStudioVersion = 10.0.40219.1
Project("{9A19103F-16F7-4668-BE54-9A1E7A4F7556}") = "Draco.Compiler", "Draco.Compiler\Draco.Compiler.csproj", "{10775033-4501-45B9-A284-61F1BBC92765}"
EndProject
Project("{9A19103F-16F7-4668-BE54-9A1E7A4F7556}") = "Draco.Compiler.Tests", "Draco.Compiler.Tests\Draco.Compiler.Tests.csproj", "{3732FD91-27D9-478F-B5B3-38D3C10B40C8}"
EndProject
Project("{9A19103F-16F7-4668-BE54-9A1E7A4F7556}") = "Draco.RedGreenTree", "Draco.RedGreenTree\Draco.RedGreenTree.csproj", "{4C08CDD1-8B9B-49C3-9372-3919020E6B64}"
EndProject
Project("{9A19103F-16F7-4668-BE54-9A1E7A4F7556}") = "Draco.RedGreenTree.Cli", "Draco.RedGreenTree.Cli\Draco.RedGreenTree.Cli.csproj", "{6429EFEC-EA0B-4B38-9D21-04220D977841}"
EndProject
Project("{9A19103F-16F7-4668-BE54-9A1E7A4F7556}") = "Draco.RedGreenTree.SourceGenerator", "Draco.RedGreenTree.SourceGenerator\Draco.RedGreenTree.SourceGenerator.csproj", "{4AA8F63A-DCD0-45F7-AC01-C33A39FF2263}"
EndProject
Project("{9A19103F-16F7-4668-BE54-9A1E7A4F7556}") = "Draco.Compiler.Cli", "Draco.Compiler.Cli\Draco.Compiler.Cli.csproj", "{9E8937E0-9A0D-4E8F-90F6-AB1FE1D7E464}"
EndProject
Project("{9A19103F-16F7-4668-BE54-9A1E7A4F7556}") = "Draco.RedGreenTree.Attributes", "Draco.RedGreenTree.Attributes\Draco.RedGreenTree.Attributes.csproj", "{42E11AC1-C418-4438-B873-D9CBC104F798}"
EndProject
Project("{9A19103F-16F7-4668-BE54-9A1E7A4F7556}") = "Draco.Query", "Draco.Query\Draco.Query.csproj", "{55D9A5AB-4D84-48F7-9D46-D44A5E635D8B}"
EndProject
Project("{9A19103F-16F7-4668-BE54-9A1E7A4F7556}") = "Draco.Editor.Web", "Draco.Editor.Web\Draco.Editor.Web.csproj", "{3AE74A5A-8201-4DF7-867B-AE929B8387B4}"
EndProject
Project("{2150E333-8FDC-42A3-9474-1A3956D46DE8}") = "Solution Items", "Solution Items", "{AED258F7-746C-452E-B073-153F9457660B}"
	ProjectSection(SolutionItems) = preProject
		..\.editorconfig = ..\.editorconfig
	EndProjectSection
EndProject
Project("{9A19103F-16F7-4668-BE54-9A1E7A4F7556}") = "Draco.LanguageServer", "Draco.LanguageServer\Draco.LanguageServer.csproj", "{715FB0AC-561D-4958-8D79-0ACD516BA89B}"
EndProject
Project("{9A19103F-16F7-4668-BE54-9A1E7A4F7556}") = "Draco.Query.Sample", "Draco.Query.Sample\Draco.Query.Sample.csproj", "{D636F436-F0B8-452D-97A3-1943ED1BAFAA}"
EndProject
Project("{9A19103F-16F7-4668-BE54-9A1E7A4F7556}") = "Draco.Query.Tests", "Draco.Query.Tests\Draco.Query.Tests.csproj", "{F3D47105-A1AB-4390-BA76-03B66D8C0917}"
EndProject
Global
	GlobalSection(SolutionConfigurationPlatforms) = preSolution
		Debug|Any CPU = Debug|Any CPU
		Nuget|Any CPU = Nuget|Any CPU
		Release|Any CPU = Release|Any CPU
	EndGlobalSection
	GlobalSection(ProjectConfigurationPlatforms) = postSolution
		{10775033-4501-45B9-A284-61F1BBC92765}.Debug|Any CPU.ActiveCfg = Debug|Any CPU
		{10775033-4501-45B9-A284-61F1BBC92765}.Debug|Any CPU.Build.0 = Debug|Any CPU
		{10775033-4501-45B9-A284-61F1BBC92765}.Nuget|Any CPU.ActiveCfg = Release|Any CPU
		{10775033-4501-45B9-A284-61F1BBC92765}.Nuget|Any CPU.Build.0 = Release|Any CPU
		{10775033-4501-45B9-A284-61F1BBC92765}.Release|Any CPU.ActiveCfg = Release|Any CPU
		{10775033-4501-45B9-A284-61F1BBC92765}.Release|Any CPU.Build.0 = Release|Any CPU
		{3732FD91-27D9-478F-B5B3-38D3C10B40C8}.Debug|Any CPU.ActiveCfg = Debug|Any CPU
		{3732FD91-27D9-478F-B5B3-38D3C10B40C8}.Debug|Any CPU.Build.0 = Debug|Any CPU
		{3732FD91-27D9-478F-B5B3-38D3C10B40C8}.Nuget|Any CPU.ActiveCfg = Release|Any CPU
		{3732FD91-27D9-478F-B5B3-38D3C10B40C8}.Nuget|Any CPU.Build.0 = Release|Any CPU
		{3732FD91-27D9-478F-B5B3-38D3C10B40C8}.Release|Any CPU.ActiveCfg = Release|Any CPU
		{3732FD91-27D9-478F-B5B3-38D3C10B40C8}.Release|Any CPU.Build.0 = Release|Any CPU
		{4C08CDD1-8B9B-49C3-9372-3919020E6B64}.Debug|Any CPU.ActiveCfg = Debug|Any CPU
		{4C08CDD1-8B9B-49C3-9372-3919020E6B64}.Debug|Any CPU.Build.0 = Debug|Any CPU
		{4C08CDD1-8B9B-49C3-9372-3919020E6B64}.Nuget|Any CPU.ActiveCfg = Release|Any CPU
		{4C08CDD1-8B9B-49C3-9372-3919020E6B64}.Nuget|Any CPU.Build.0 = Release|Any CPU
		{4C08CDD1-8B9B-49C3-9372-3919020E6B64}.Release|Any CPU.ActiveCfg = Release|Any CPU
		{4C08CDD1-8B9B-49C3-9372-3919020E6B64}.Release|Any CPU.Build.0 = Release|Any CPU
		{6429EFEC-EA0B-4B38-9D21-04220D977841}.Debug|Any CPU.ActiveCfg = Debug|Any CPU
		{6429EFEC-EA0B-4B38-9D21-04220D977841}.Debug|Any CPU.Build.0 = Debug|Any CPU
		{6429EFEC-EA0B-4B38-9D21-04220D977841}.Nuget|Any CPU.ActiveCfg = Release|Any CPU
		{6429EFEC-EA0B-4B38-9D21-04220D977841}.Nuget|Any CPU.Build.0 = Release|Any CPU
		{6429EFEC-EA0B-4B38-9D21-04220D977841}.Release|Any CPU.ActiveCfg = Release|Any CPU
		{6429EFEC-EA0B-4B38-9D21-04220D977841}.Release|Any CPU.Build.0 = Release|Any CPU
		{4AA8F63A-DCD0-45F7-AC01-C33A39FF2263}.Debug|Any CPU.ActiveCfg = Debug|Any CPU
		{4AA8F63A-DCD0-45F7-AC01-C33A39FF2263}.Debug|Any CPU.Build.0 = Debug|Any CPU
		{4AA8F63A-DCD0-45F7-AC01-C33A39FF2263}.Nuget|Any CPU.ActiveCfg = Release|Any CPU
		{4AA8F63A-DCD0-45F7-AC01-C33A39FF2263}.Nuget|Any CPU.Build.0 = Release|Any CPU
		{4AA8F63A-DCD0-45F7-AC01-C33A39FF2263}.Release|Any CPU.ActiveCfg = Release|Any CPU
		{4AA8F63A-DCD0-45F7-AC01-C33A39FF2263}.Release|Any CPU.Build.0 = Release|Any CPU
		{9E8937E0-9A0D-4E8F-90F6-AB1FE1D7E464}.Debug|Any CPU.ActiveCfg = Debug|Any CPU
		{9E8937E0-9A0D-4E8F-90F6-AB1FE1D7E464}.Debug|Any CPU.Build.0 = Debug|Any CPU
		{9E8937E0-9A0D-4E8F-90F6-AB1FE1D7E464}.Nuget|Any CPU.ActiveCfg = Release|Any CPU
		{9E8937E0-9A0D-4E8F-90F6-AB1FE1D7E464}.Nuget|Any CPU.Build.0 = Release|Any CPU
		{9E8937E0-9A0D-4E8F-90F6-AB1FE1D7E464}.Release|Any CPU.ActiveCfg = Release|Any CPU
		{9E8937E0-9A0D-4E8F-90F6-AB1FE1D7E464}.Release|Any CPU.Build.0 = Release|Any CPU
		{42E11AC1-C418-4438-B873-D9CBC104F798}.Debug|Any CPU.ActiveCfg = Debug|Any CPU
		{42E11AC1-C418-4438-B873-D9CBC104F798}.Debug|Any CPU.Build.0 = Debug|Any CPU
		{42E11AC1-C418-4438-B873-D9CBC104F798}.Nuget|Any CPU.ActiveCfg = Release|Any CPU
		{42E11AC1-C418-4438-B873-D9CBC104F798}.Nuget|Any CPU.Build.0 = Release|Any CPU
		{42E11AC1-C418-4438-B873-D9CBC104F798}.Release|Any CPU.ActiveCfg = Release|Any CPU
		{42E11AC1-C418-4438-B873-D9CBC104F798}.Release|Any CPU.Build.0 = Release|Any CPU
		{55D9A5AB-4D84-48F7-9D46-D44A5E635D8B}.Debug|Any CPU.ActiveCfg = Debug|Any CPU
		{55D9A5AB-4D84-48F7-9D46-D44A5E635D8B}.Debug|Any CPU.Build.0 = Debug|Any CPU
		{55D9A5AB-4D84-48F7-9D46-D44A5E635D8B}.Nuget|Any CPU.ActiveCfg = Release|Any CPU
		{55D9A5AB-4D84-48F7-9D46-D44A5E635D8B}.Nuget|Any CPU.Build.0 = Release|Any CPU
		{55D9A5AB-4D84-48F7-9D46-D44A5E635D8B}.Release|Any CPU.ActiveCfg = Release|Any CPU
		{55D9A5AB-4D84-48F7-9D46-D44A5E635D8B}.Release|Any CPU.Build.0 = Release|Any CPU
		{3AE74A5A-8201-4DF7-867B-AE929B8387B4}.Debug|Any CPU.ActiveCfg = Debug|Any CPU
		{3AE74A5A-8201-4DF7-867B-AE929B8387B4}.Debug|Any CPU.Build.0 = Debug|Any CPU
		{3AE74A5A-8201-4DF7-867B-AE929B8387B4}.Nuget|Any CPU.ActiveCfg = Release|Any CPU
		{3AE74A5A-8201-4DF7-867B-AE929B8387B4}.Nuget|Any CPU.Build.0 = Release|Any CPU
		{3AE74A5A-8201-4DF7-867B-AE929B8387B4}.Release|Any CPU.ActiveCfg = Release|Any CPU
		{3AE74A5A-8201-4DF7-867B-AE929B8387B4}.Release|Any CPU.Build.0 = Release|Any CPU
		{715FB0AC-561D-4958-8D79-0ACD516BA89B}.Debug|Any CPU.ActiveCfg = Debug|Any CPU
		{715FB0AC-561D-4958-8D79-0ACD516BA89B}.Debug|Any CPU.Build.0 = Debug|Any CPU
		{715FB0AC-561D-4958-8D79-0ACD516BA89B}.Nuget|Any CPU.ActiveCfg = Debug|Any CPU
		{715FB0AC-561D-4958-8D79-0ACD516BA89B}.Nuget|Any CPU.Build.0 = Debug|Any CPU
		{715FB0AC-561D-4958-8D79-0ACD516BA89B}.Release|Any CPU.ActiveCfg = Release|Any CPU
		{715FB0AC-561D-4958-8D79-0ACD516BA89B}.Release|Any CPU.Build.0 = Release|Any CPU
		{D636F436-F0B8-452D-97A3-1943ED1BAFAA}.Debug|Any CPU.ActiveCfg = Debug|Any CPU
		{D636F436-F0B8-452D-97A3-1943ED1BAFAA}.Debug|Any CPU.Build.0 = Debug|Any CPU
		{D636F436-F0B8-452D-97A3-1943ED1BAFAA}.Nuget|Any CPU.ActiveCfg = Debug|Any CPU
		{D636F436-F0B8-452D-97A3-1943ED1BAFAA}.Nuget|Any CPU.Build.0 = Debug|Any CPU
		{D636F436-F0B8-452D-97A3-1943ED1BAFAA}.Release|Any CPU.ActiveCfg = Release|Any CPU
		{D636F436-F0B8-452D-97A3-1943ED1BAFAA}.Release|Any CPU.Build.0 = Release|Any CPU
		{F3D47105-A1AB-4390-BA76-03B66D8C0917}.Debug|Any CPU.ActiveCfg = Debug|Any CPU
		{F3D47105-A1AB-4390-BA76-03B66D8C0917}.Debug|Any CPU.Build.0 = Debug|Any CPU
		{F3D47105-A1AB-4390-BA76-03B66D8C0917}.Nuget|Any CPU.ActiveCfg = Debug|Any CPU
		{F3D47105-A1AB-4390-BA76-03B66D8C0917}.Nuget|Any CPU.Build.0 = Debug|Any CPU
		{F3D47105-A1AB-4390-BA76-03B66D8C0917}.Release|Any CPU.ActiveCfg = Release|Any CPU
		{F3D47105-A1AB-4390-BA76-03B66D8C0917}.Release|Any CPU.Build.0 = Release|Any CPU
	EndGlobalSection
	GlobalSection(SolutionProperties) = preSolution
		HideSolutionNode = FALSE
	EndGlobalSection
	GlobalSection(ExtensibilityGlobals) = postSolution
		SolutionGuid = {A7BBE69B-F61B-4B53-9F8D-5A698E917012}
	EndGlobalSection
EndGlobal
